
Microsoft Visual Studio Solution File, Format Version 12.00
# Visual Studio Version 16
VisualStudioVersion = 16.0.33027.164
MinimumVisualStudioVersion = 10.0.40219.1
Project("{8BC9CEB8-8B4A-11D0-8D11-00A0C91BC942}") = "Detour Test 2 RC", "Detour Test 2 RC.vcxproj", "{96661029-27E0-43C3-B5B8-28F69B5F582C}"
EndProject
Project("{8BC9CEB8-8B4A-11D0-8D11-00A0C91BC942}") = "Detour 2 RC Injector", "Detour 2 RC Injector\Detour 2 RC Injector.vcxproj", "{BC7629A9-F57D-4A0F-BC57-F5D113C98134}"
EndProject
Project("{8BC9CEB8-8B4A-11D0-8D11-00A0C91BC942}") = "Detour 2 RC Installer", "Detour 2 RC Installer\Detour 2 RC Installer.vcxproj", "{A8003E34-ADD7-4D48-89F2-0B88FC4024CF}"
EndProject
Global
	GlobalSection(SolutionConfigurationPlatforms) = preSolution
		Debug|x64 = Debug|x64
		Debug|x86 = Debug|x86
		Release|x64 = Release|x64
		Release|x86 = Release|x86
	EndGlobalSection
	GlobalSection(ProjectConfigurationPlatforms) = postSolution
		{96661029-27E0-43C3-B5B8-28F69B5F582C}.Debug|x64.ActiveCfg = Debug|x64
		{96661029-27E0-43C3-B5B8-28F69B5F582C}.Debug|x64.Build.0 = Debug|x64
		{96661029-27E0-43C3-B5B8-28F69B5F582C}.Debug|x86.ActiveCfg = Debug|Win32
		{96661029-27E0-43C3-B5B8-28F69B5F582C}.Debug|x86.Build.0 = Debug|Win32
		{96661029-27E0-43C3-B5B8-28F69B5F582C}.Release|x64.ActiveCfg = Release|x64
		{96661029-27E0-43C3-B5B8-28F69B5F582C}.Release|x64.Build.0 = Release|x64
		{96661029-27E0-43C3-B5B8-28F69B5F582C}.Release|x86.ActiveCfg = Release|Win32
		{96661029-27E0-43C3-B5B8-28F69B5F582C}.Release|x86.Build.0 = Release|Win32
		{BC7629A9-F57D-4A0F-BC57-F5D113C98134}.Debug|x64.ActiveCfg = Debug|x64
		{BC7629A9-F57D-4A0F-BC57-F5D113C98134}.Debug|x64.Build.0 = Debug|x64
		{BC7629A9-F57D-4A0F-BC57-F5D113C98134}.Debug|x86.ActiveCfg = Debug|Win32
		{BC7629A9-F57D-4A0F-BC57-F5D113C98134}.Debug|x86.Build.0 = Debug|Win32
		{BC7629A9-F57D-4A0F-BC57-F5D113C98134}.Release|x64.ActiveCfg = Release|x64
		{BC7629A9-F57D-4A0F-BC57-F5D113C98134}.Release|x64.Build.0 = Release|x64
		{BC7629A9-F57D-4A0F-BC57-F5D113C98134}.Release|x86.ActiveCfg = Release|Win32
		{BC7629A9-F57D-4A0F-BC57-F5D113C98134}.Release|x86.Build.0 = Release|Win32
		{A8003E34-ADD7-4D48-89F2-0B88FC4024CF}.Debug|x64.ActiveCfg = Debug|x64
		{A8003E34-ADD7-4D48-89F2-0B88FC4024CF}.Debug|x64.Build.0 = Debug|x64
		{A8003E34-ADD7-4D48-89F2-0B88FC4024CF}.Debug|x86.ActiveCfg = Debug|Win32
		{A8003E34-ADD7-4D48-89F2-0B88FC4024CF}.Debug|x86.Build.0 = Debug|Win32
		{A8003E34-ADD7-4D48-89F2-0B88FC4024CF}.Release|x64.ActiveCfg = Release|x64
		{A8003E34-ADD7-4D48-89F2-0B88FC4024CF}.Release|x64.Build.0 = Release|x64
		{A8003E34-ADD7-4D48-89F2-0B88FC4024CF}.Release|x86.ActiveCfg = Release|Win32
		{A8003E34-ADD7-4D48-89F2-0B88FC4024CF}.Release|x86.Build.0 = Release|Win32
	EndGlobalSection
	GlobalSection(SolutionProperties) = preSolution
		HideSolutionNode = FALSE
	EndGlobalSection
	GlobalSection(ExtensibilityGlobals) = postSolution
		SolutionGuid = {17F7B4AF-887E-42CE-90B2-7BDECD4EF83A}
	EndGlobalSection
EndGlobal
