
Microsoft Visual Studio Solution File, Format Version 12.00
# Visual Studio Version 16
VisualStudioVersion = 16.0.33027.164
MinimumVisualStudioVersion = 10.0.40219.1
Project("{8BC9CEB8-8B4A-11D0-8D11-00A0C91BC942}") = "Detour Test 2", "Detour Test 2.vcxproj", "{F8F23EE3-3DBC-4FDB-A2CE-D116456F52A3}"
EndProject
Project("{8BC9CEB8-8B4A-11D0-8D11-00A0C91BC942}") = "Detour 2 Injector", "Detour 2 Injector\Detour 2 Injector.vcxproj", "{EBB78EA5-9E17-4305-9619-CBCF1C73781A}"
EndProject
Project("{8BC9CEB8-8B4A-11D0-8D11-00A0C91BC942}") = "Detour Tester 2", "..\Detour Tester 2\Detour Tester 2.vcxproj", "{6CC8A480-D519-4D41-BD38-4896A4175025}"
EndProject
Project("{8BC9CEB8-8B4A-11D0-8D11-00A0C91BC942}") = "ShowStatusDll 0", "ShowStatusDll 0\ShowStatusDll 0.vcxproj", "{569785A0-3560-4EC8-A11D-CC36F7ECFE14}"
EndProject
Global
	GlobalSection(SolutionConfigurationPlatforms) = preSolution
		Debug|x64 = Debug|x64
		Debug|x86 = Debug|x86
		Release|x64 = Release|x64
		Release|x86 = Release|x86
	EndGlobalSection
	GlobalSection(ProjectConfigurationPlatforms) = postSolution
		{F8F23EE3-3DBC-4FDB-A2CE-D116456F52A3}.Debug|x64.ActiveCfg = Debug|x64
		{F8F23EE3-3DBC-4FDB-A2CE-D116456F52A3}.Debug|x64.Build.0 = Debug|x64
		{F8F23EE3-3DBC-4FDB-A2CE-D116456F52A3}.Debug|x86.ActiveCfg = Debug|Win32
		{F8F23EE3-3DBC-4FDB-A2CE-D116456F52A3}.Debug|x86.Build.0 = Debug|Win32
		{F8F23EE3-3DBC-4FDB-A2CE-D116456F52A3}.Release|x64.ActiveCfg = Release|x64
		{F8F23EE3-3DBC-4FDB-A2CE-D116456F52A3}.Release|x64.Build.0 = Release|x64
		{F8F23EE3-3DBC-4FDB-A2CE-D116456F52A3}.Release|x86.ActiveCfg = Release|Win32
		{F8F23EE3-3DBC-4FDB-A2CE-D116456F52A3}.Release|x86.Build.0 = Release|Win32
		{EBB78EA5-9E17-4305-9619-CBCF1C73781A}.Debug|x64.ActiveCfg = Debug|x64
		{EBB78EA5-9E17-4305-9619-CBCF1C73781A}.Debug|x64.Build.0 = Debug|x64
		{EBB78EA5-9E17-4305-9619-CBCF1C73781A}.Debug|x86.ActiveCfg = Debug|Win32
		{EBB78EA5-9E17-4305-9619-CBCF1C73781A}.Debug|x86.Build.0 = Debug|Win32
		{EBB78EA5-9E17-4305-9619-CBCF1C73781A}.Release|x64.ActiveCfg = Release|x64
		{EBB78EA5-9E17-4305-9619-CBCF1C73781A}.Release|x64.Build.0 = Release|x64
		{EBB78EA5-9E17-4305-9619-CBCF1C73781A}.Release|x86.ActiveCfg = Release|Win32
		{EBB78EA5-9E17-4305-9619-CBCF1C73781A}.Release|x86.Build.0 = Release|Win32
		{6CC8A480-D519-4D41-BD38-4896A4175025}.Debug|x64.ActiveCfg = Debug|x64
		{6CC8A480-D519-4D41-BD38-4896A4175025}.Debug|x64.Build.0 = Debug|x64
		{6CC8A480-D519-4D41-BD38-4896A4175025}.Debug|x86.ActiveCfg = Debug|Win32
		{6CC8A480-D519-4D41-BD38-4896A4175025}.Debug|x86.Build.0 = Debug|Win32
		{6CC8A480-D519-4D41-BD38-4896A4175025}.Release|x64.ActiveCfg = Release|x64
		{6CC8A480-D519-4D41-BD38-4896A4175025}.Release|x64.Build.0 = Release|x64
		{6CC8A480-D519-4D41-BD38-4896A4175025}.Release|x86.ActiveCfg = Release|Win32
		{6CC8A480-D519-4D41-BD38-4896A4175025}.Release|x86.Build.0 = Release|Win32
		{569785A0-3560-4EC8-A11D-CC36F7ECFE14}.Debug|x64.ActiveCfg = Debug|x64
		{569785A0-3560-4EC8-A11D-CC36F7ECFE14}.Debug|x64.Build.0 = Debug|x64
		{569785A0-3560-4EC8-A11D-CC36F7ECFE14}.Debug|x86.ActiveCfg = Debug|Win32
		{569785A0-3560-4EC8-A11D-CC36F7ECFE14}.Debug|x86.Build.0 = Debug|Win32
		{569785A0-3560-4EC8-A11D-CC36F7ECFE14}.Release|x64.ActiveCfg = Release|x64
		{569785A0-3560-4EC8-A11D-CC36F7ECFE14}.Release|x64.Build.0 = Release|x64
		{569785A0-3560-4EC8-A11D-CC36F7ECFE14}.Release|x86.ActiveCfg = Release|Win32
		{569785A0-3560-4EC8-A11D-CC36F7ECFE14}.Release|x86.Build.0 = Release|Win32
	EndGlobalSection
	GlobalSection(SolutionProperties) = preSolution
		HideSolutionNode = FALSE
	EndGlobalSection
	GlobalSection(ExtensibilityGlobals) = postSolution
		SolutionGuid = {EE782156-DAF8-400D-A907-1CD0490AEDBA}
	EndGlobalSection
EndGlobal
